{
  "name": "htmltag",
  "version": "0.1.12",
  "lockfileVersion": 1,
  "requires": true,
  "dependencies": {
    "esdown": {
      "version": "1.2.5",
      "resolved": "https://registry.npmjs.org/esdown/-/esdown-1.2.5.tgz",
      "integrity": "sha512-X+mUI6vBOwd4u0ZEWCt0MeAwZY6vK2EuFn7YoN0fFYlkUFdnFS/KkW5tVINC2ML60oVSn6Dw+Ch+0JnGII6otA==",
      "dev": true
    }
  }
}
