{
  "name": "htmltag",
  "version": "0.1.10",
  "lockfileVersion": 1,
  "requires": true,
  "dependencies": {
    "esdown": {
      "version": "1.2.3",
      "resolved": "https://registry.npmjs.org/esdown/-/esdown-1.2.3.tgz",
      "integrity": "sha512-5f9Zpo8RbR3e+0Rn2okd2b+Nq3gMyL+12SK9E267evtXrRZHFhsQhdNzvgiESz8mXMHtjFLsFv0StbR5C6r42A==",
      "dev": true
    }
  }
}
